
Microsoft Visual Studio Solution File, Format Version 12.00
# Visual Studio Version 16
VisualStudioVersion = 16.0.31624.102
MinimumVisualStudioVersion = 10.0.40219.1
Project("{FAE04EC0-301F-11D3-BF4B-00C04F79EFBC}") = "WindowsFormsApp2", "WindowsFormsApp2\WindowsFormsApp2.csproj", "{2559DA8E-7B22-4D96-A347-1F5967D85826}"
EndProject
Global
	GlobalSection(SolutionConfigurationPlatforms) = preSolution
		Debug|Any CPU = Debug|Any CPU
		Release|Any CPU = Release|Any CPU
	EndGlobalSection
	GlobalSection(ProjectConfigurationPlatforms) = postSolution
		{2559DA8E-7B22-4D96-A347-1F5967D85826}.Debug|Any CPU.ActiveCfg = Debug|Any CPU
		{2559DA8E-7B22-4D96-A347-1F5967D85826}.Debug|Any CPU.Build.0 = Debug|Any CPU
		{2559DA8E-7B22-4D96-A347-1F5967D85826}.Release|Any CPU.ActiveCfg = Release|Any CPU
		{2559DA8E-7B22-4D96-A347-1F5967D85826}.Release|Any CPU.Build.0 = Release|Any CPU
	EndGlobalSection
	GlobalSection(SolutionProperties) = preSolution
		HideSolutionNode = FALSE
	EndGlobalSection
	GlobalSection(ExtensibilityGlobals) = postSolution
		SolutionGuid = {033082A9-C69D-41BF-B83E-D099584892FD}
	EndGlobalSection
EndGlobal
